
Microsoft Visual Studio Solution File, Format Version 12.00
# Visual Studio Version 17
VisualStudioVersion = 17.7.34024.191
MinimumVisualStudioVersion = 10.0.40219.1
Project("{FAE04EC0-301F-11D3-BF4B-00C04F79EFBC}") = "Client_Maintenance", "Client_Maintenance\Client_Maintenance.csproj", "{E55597F5-0895-442F-96B7-51F381C11596}"
EndProject
Global
	GlobalSection(SolutionConfigurationPlatforms) = preSolution
		Debug|Any CPU = Debug|Any CPU
		Release|Any CPU = Release|Any CPU
	EndGlobalSection
	GlobalSection(ProjectConfigurationPlatforms) = postSolution
		{E55597F5-0895-442F-96B7-51F381C11596}.Debug|Any CPU.ActiveCfg = Debug|Any CPU
		{E55597F5-0895-442F-96B7-51F381C11596}.Debug|Any CPU.Build.0 = Debug|Any CPU
		{E55597F5-0895-442F-96B7-51F381C11596}.Release|Any CPU.ActiveCfg = Release|Any CPU
		{E55597F5-0895-442F-96B7-51F381C11596}.Release|Any CPU.Build.0 = Release|Any CPU
	EndGlobalSection
	GlobalSection(SolutionProperties) = preSolution
		HideSolutionNode = FALSE
	EndGlobalSection
	GlobalSection(ExtensibilityGlobals) = postSolution
		SolutionGuid = {26D870E2-8219-4E80-83C0-288BCE2B7683}
	EndGlobalSection
EndGlobal
